
Microsoft Visual Studio Solution File, Format Version 12.00
# Visual Studio Version 17
VisualStudioVersion = 17.2.32505.173
MinimumVisualStudioVersion = 10.0.40219.1
Project("{2150E333-8FDC-42A3-9474-1A3956D46DE8}") = "src", "src", "{C8438DEB-ED55-4F59-8BD5-2389BE837723}"
EndProject
Project("{2150E333-8FDC-42A3-9474-1A3956D46DE8}") = "Api", "Api", "{BA27CA3B-3901-45D6-B205-0A09D0B90C66}"
EndProject
Project("{2150E333-8FDC-42A3-9474-1A3956D46DE8}") = "Clinents", "Clinents", "{CD8BF990-19C5-4728-81BB-22AB67B3E93E}"
EndProject
Project("{2150E333-8FDC-42A3-9474-1A3956D46DE8}") = "Commond", "Commond", "{2909C541-ADAE-49B7-BA08-9F147391B008}"
EndProject
Project("{2150E333-8FDC-42A3-9474-1A3956D46DE8}") = "Projections", "Projections", "{2EA4A510-6D5F-4CE1-A21E-19516277B2C2}"
EndProject
Project("{2150E333-8FDC-42A3-9474-1A3956D46DE8}") = "WebApi", "WebApi", "{26B88BD2-CF5E-465C-AE04-204DC82CE849}"
EndProject
Project("{9A19103F-16F7-4668-BE54-9A1E7A4F7556}") = "BWords.Common", "src\Common\BWords.Common\BWords.Common.csproj", "{77B235F0-F8A4-43E5-98B8-04889ADBB175}"
EndProject
Project("{9A19103F-16F7-4668-BE54-9A1E7A4F7556}") = "BWords.Api.WebApi", "src\Api\WebApi\BWords.Api.WebApi\BWords.Api.WebApi.csproj", "{FB746EC7-9638-4B09-93A8-264101E1A469}"
EndProject
Project("{9A19103F-16F7-4668-BE54-9A1E7A4F7556}") = "BWords.Projections.FovariteService", "src\Projections\BWords.Projections.FovariteService\BWords.Projections.FovariteService.csproj", "{19DC7CCA-74BA-4A29-ADF9-E35AF0AFA18E}"
EndProject
Project("{9A19103F-16F7-4668-BE54-9A1E7A4F7556}") = "BWords.Projections.Users", "src\Projections\BWords.Projections.Users\BWords.Projections.Users.csproj", "{4118AFCB-2EEA-411D-BCE5-4AA97DFDD33C}"
EndProject
Project("{9A19103F-16F7-4668-BE54-9A1E7A4F7556}") = "BWords.Projections.VoteServices", "src\Projections\BWords.Projections.VoteServices\BWords.Projections.VoteServices.csproj", "{C3202C38-5EF3-41F5-9A1A-93E61DD4225A}"
EndProject
Project("{9A19103F-16F7-4668-BE54-9A1E7A4F7556}") = "BWords.WebApp", "src\Clinents\BlazorWeb\BWords.WebApp\BWords.WebApp.csproj", "{F483A2A7-6AF6-45EA-9C84-F5133ABC6315}"
EndProject
Project("{2150E333-8FDC-42A3-9474-1A3956D46DE8}") = "BlazorWeb", "BlazorWeb", "{F6775231-677E-4320-ACDD-0BE1FA02B709}"
EndProject
Global
	GlobalSection(SolutionConfigurationPlatforms) = preSolution
		Debug|Any CPU = Debug|Any CPU
		Release|Any CPU = Release|Any CPU
	EndGlobalSection
	GlobalSection(ProjectConfigurationPlatforms) = postSolution
		{77B235F0-F8A4-43E5-98B8-04889ADBB175}.Debug|Any CPU.ActiveCfg = Debug|Any CPU
		{77B235F0-F8A4-43E5-98B8-04889ADBB175}.Debug|Any CPU.Build.0 = Debug|Any CPU
		{77B235F0-F8A4-43E5-98B8-04889ADBB175}.Release|Any CPU.ActiveCfg = Release|Any CPU
		{77B235F0-F8A4-43E5-98B8-04889ADBB175}.Release|Any CPU.Build.0 = Release|Any CPU
		{FB746EC7-9638-4B09-93A8-264101E1A469}.Debug|Any CPU.ActiveCfg = Debug|Any CPU
		{FB746EC7-9638-4B09-93A8-264101E1A469}.Debug|Any CPU.Build.0 = Debug|Any CPU
		{FB746EC7-9638-4B09-93A8-264101E1A469}.Release|Any CPU.ActiveCfg = Release|Any CPU
		{FB746EC7-9638-4B09-93A8-264101E1A469}.Release|Any CPU.Build.0 = Release|Any CPU
		{19DC7CCA-74BA-4A29-ADF9-E35AF0AFA18E}.Debug|Any CPU.ActiveCfg = Debug|Any CPU
		{19DC7CCA-74BA-4A29-ADF9-E35AF0AFA18E}.Debug|Any CPU.Build.0 = Debug|Any CPU
		{19DC7CCA-74BA-4A29-ADF9-E35AF0AFA18E}.Release|Any CPU.ActiveCfg = Release|Any CPU
		{19DC7CCA-74BA-4A29-ADF9-E35AF0AFA18E}.Release|Any CPU.Build.0 = Release|Any CPU
		{4118AFCB-2EEA-411D-BCE5-4AA97DFDD33C}.Debug|Any CPU.ActiveCfg = Debug|Any CPU
		{4118AFCB-2EEA-411D-BCE5-4AA97DFDD33C}.Debug|Any CPU.Build.0 = Debug|Any CPU
		{4118AFCB-2EEA-411D-BCE5-4AA97DFDD33C}.Release|Any CPU.ActiveCfg = Release|Any CPU
		{4118AFCB-2EEA-411D-BCE5-4AA97DFDD33C}.Release|Any CPU.Build.0 = Release|Any CPU
		{C3202C38-5EF3-41F5-9A1A-93E61DD4225A}.Debug|Any CPU.ActiveCfg = Debug|Any CPU
		{C3202C38-5EF3-41F5-9A1A-93E61DD4225A}.Debug|Any CPU.Build.0 = Debug|Any CPU
		{C3202C38-5EF3-41F5-9A1A-93E61DD4225A}.Release|Any CPU.ActiveCfg = Release|Any CPU
		{C3202C38-5EF3-41F5-9A1A-93E61DD4225A}.Release|Any CPU.Build.0 = Release|Any CPU
		{F483A2A7-6AF6-45EA-9C84-F5133ABC6315}.Debug|Any CPU.ActiveCfg = Debug|Any CPU
		{F483A2A7-6AF6-45EA-9C84-F5133ABC6315}.Debug|Any CPU.Build.0 = Debug|Any CPU
		{F483A2A7-6AF6-45EA-9C84-F5133ABC6315}.Release|Any CPU.ActiveCfg = Release|Any CPU
		{F483A2A7-6AF6-45EA-9C84-F5133ABC6315}.Release|Any CPU.Build.0 = Release|Any CPU
	EndGlobalSection
	GlobalSection(SolutionProperties) = preSolution
		HideSolutionNode = FALSE
	EndGlobalSection
	GlobalSection(NestedProjects) = preSolution
		{BA27CA3B-3901-45D6-B205-0A09D0B90C66} = {C8438DEB-ED55-4F59-8BD5-2389BE837723}
		{CD8BF990-19C5-4728-81BB-22AB67B3E93E} = {C8438DEB-ED55-4F59-8BD5-2389BE837723}
		{2909C541-ADAE-49B7-BA08-9F147391B008} = {C8438DEB-ED55-4F59-8BD5-2389BE837723}
		{2EA4A510-6D5F-4CE1-A21E-19516277B2C2} = {C8438DEB-ED55-4F59-8BD5-2389BE837723}
		{26B88BD2-CF5E-465C-AE04-204DC82CE849} = {BA27CA3B-3901-45D6-B205-0A09D0B90C66}
		{77B235F0-F8A4-43E5-98B8-04889ADBB175} = {2909C541-ADAE-49B7-BA08-9F147391B008}
		{FB746EC7-9638-4B09-93A8-264101E1A469} = {26B88BD2-CF5E-465C-AE04-204DC82CE849}
		{19DC7CCA-74BA-4A29-ADF9-E35AF0AFA18E} = {2EA4A510-6D5F-4CE1-A21E-19516277B2C2}
		{4118AFCB-2EEA-411D-BCE5-4AA97DFDD33C} = {2EA4A510-6D5F-4CE1-A21E-19516277B2C2}
		{C3202C38-5EF3-41F5-9A1A-93E61DD4225A} = {2EA4A510-6D5F-4CE1-A21E-19516277B2C2}
		{F483A2A7-6AF6-45EA-9C84-F5133ABC6315} = {F6775231-677E-4320-ACDD-0BE1FA02B709}
		{F6775231-677E-4320-ACDD-0BE1FA02B709} = {CD8BF990-19C5-4728-81BB-22AB67B3E93E}
	EndGlobalSection
	GlobalSection(ExtensibilityGlobals) = postSolution
		SolutionGuid = {A0722CE0-1DCD-41B6-91BE-3126ABDF179D}
	EndGlobalSection
EndGlobal
